
Microsoft Visual Studio Solution File, Format Version 12.00
# Visual Studio 15
VisualStudioVersion = 15.0.27428.1
MinimumVisualStudioVersion = 10.0.40219.1
Project("{FAE04EC0-301F-11D3-BF4B-00C04F79EFBC}") = "UniinfoAsp", "UniinfoAsp\UniinfoAsp.csproj", "{E6E3E3BC-3636-4C6D-9FE5-955F7FEE8C97}"
EndProject
Global
	GlobalSection(SolutionConfigurationPlatforms) = preSolution
		Debug|Any CPU = Debug|Any CPU
		Release|Any CPU = Release|Any CPU
	EndGlobalSection
	GlobalSection(ProjectConfigurationPlatforms) = postSolution
		{E6E3E3BC-3636-4C6D-9FE5-955F7FEE8C97}.Debug|Any CPU.ActiveCfg = Debug|Any CPU
		{E6E3E3BC-3636-4C6D-9FE5-955F7FEE8C97}.Debug|Any CPU.Build.0 = Debug|Any CPU
		{E6E3E3BC-3636-4C6D-9FE5-955F7FEE8C97}.Release|Any CPU.ActiveCfg = Release|Any CPU
		{E6E3E3BC-3636-4C6D-9FE5-955F7FEE8C97}.Release|Any CPU.Build.0 = Release|Any CPU
	EndGlobalSection
	GlobalSection(SolutionProperties) = preSolution
		HideSolutionNode = FALSE
	EndGlobalSection
	GlobalSection(ExtensibilityGlobals) = postSolution
		SolutionGuid = {B8F76F19-5317-4FD4-AAE6-19A0D6EB5234}
	EndGlobalSection
EndGlobal
