
Microsoft Visual Studio Solution File, Format Version 12.00
# Visual Studio 15
VisualStudioVersion = 15.0.28010.2046
MinimumVisualStudioVersion = 10.0.40219.1
Project("{FAE04EC0-301F-11D3-BF4B-00C04F79EFBC}") = "Uniinfo Desk", "Uniinfo Desk\Uniinfo Desk.csproj", "{F6042F14-CB81-4753-AB02-8CA1ED266061}"
EndProject
Global
	GlobalSection(SolutionConfigurationPlatforms) = preSolution
		Debug|Any CPU = Debug|Any CPU
		Release|Any CPU = Release|Any CPU
	EndGlobalSection
	GlobalSection(ProjectConfigurationPlatforms) = postSolution
		{F6042F14-CB81-4753-AB02-8CA1ED266061}.Debug|Any CPU.ActiveCfg = Debug|Any CPU
		{F6042F14-CB81-4753-AB02-8CA1ED266061}.Debug|Any CPU.Build.0 = Debug|Any CPU
		{F6042F14-CB81-4753-AB02-8CA1ED266061}.Release|Any CPU.ActiveCfg = Release|Any CPU
		{F6042F14-CB81-4753-AB02-8CA1ED266061}.Release|Any CPU.Build.0 = Release|Any CPU
	EndGlobalSection
	GlobalSection(SolutionProperties) = preSolution
		HideSolutionNode = FALSE
	EndGlobalSection
	GlobalSection(ExtensibilityGlobals) = postSolution
		SolutionGuid = {EAFBFB77-19AE-4433-8368-47471A115FD6}
	EndGlobalSection
EndGlobal
